
Microsoft Visual Studio Solution File, Format Version 12.00
# Visual Studio Version 17
VisualStudioVersion = 17.9.34407.89
MinimumVisualStudioVersion = 10.0.40219.1
Project("{9A19103F-16F7-4668-BE54-9A1E7A4F7556}") = "API", "API\API.csproj", "{86D9784F-3AEA-4E29-AB6D-F8A4F1544A43}"
EndProject
Project("{9A19103F-16F7-4668-BE54-9A1E7A4F7556}") = "Test", "Test\Test.csproj", "{C7D3B3D4-B43D-47DF-87B4-16F9A702813D}"
EndProject
Global
	GlobalSection(SolutionConfigurationPlatforms) = preSolution
		Debug|Any CPU = Debug|Any CPU
		Release|Any CPU = Release|Any CPU
	EndGlobalSection
	GlobalSection(ProjectConfigurationPlatforms) = postSolution
		{86D9784F-3AEA-4E29-AB6D-F8A4F1544A43}.Debug|Any CPU.ActiveCfg = Debug|Any CPU
		{86D9784F-3AEA-4E29-AB6D-F8A4F1544A43}.Debug|Any CPU.Build.0 = Debug|Any CPU
		{86D9784F-3AEA-4E29-AB6D-F8A4F1544A43}.Release|Any CPU.ActiveCfg = Release|Any CPU
		{86D9784F-3AEA-4E29-AB6D-F8A4F1544A43}.Release|Any CPU.Build.0 = Release|Any CPU
		{C7D3B3D4-B43D-47DF-87B4-16F9A702813D}.Debug|Any CPU.ActiveCfg = Debug|Any CPU
		{C7D3B3D4-B43D-47DF-87B4-16F9A702813D}.Debug|Any CPU.Build.0 = Debug|Any CPU
		{C7D3B3D4-B43D-47DF-87B4-16F9A702813D}.Release|Any CPU.ActiveCfg = Release|Any CPU
		{C7D3B3D4-B43D-47DF-87B4-16F9A702813D}.Release|Any CPU.Build.0 = Release|Any CPU
	EndGlobalSection
	GlobalSection(SolutionProperties) = preSolution
		HideSolutionNode = FALSE
	EndGlobalSection
	GlobalSection(ExtensibilityGlobals) = postSolution
		SolutionGuid = {819BDF84-00F1-4D8D-ACD6-5CDEB0C19023}
	EndGlobalSection
EndGlobal
